// !$*UTF8*$!
{
	archiveVersion = 1;
	classes = {
	};
	objectVersion = 46;
	objects = {

/* Begin PBXBuildFile section */
		184F49581B965A8A00C6F676 /* FFRequestManager.swift in Sources */ = {isa = PBXBuildFile; fileRef = 184F49571B965A8A00C6F676 /* FFRequestManager.swift */; };
		184F495C1B979E9400C6F676 /* FigFeed.xcdatamodeld in Sources */ = {isa = PBXBuildFile; fileRef = 184F495A1B979E9400C6F676 /* FigFeed.xcdatamodeld */; };
		184F495E1B979EAD00C6F676 /* FFArticle.swift in Sources */ = {isa = PBXBuildFile; fileRef = 184F495D1B979EAD00C6F676 /* FFArticle.swift */; };
		184F49621B98E10300C6F676 /* FFArticleCell.swift in Sources */ = {isa = PBXBuildFile; fileRef = 184F49611B98E10300C6F676 /* FFArticleCell.swift */; };
		184F49641B98E4C300C6F676 /* FFHtmlGenerator.swift in Sources */ = {isa = PBXBuildFile; fileRef = 184F49631B98E4C300C6F676 /* FFHtmlGenerator.swift */; };
		184F49681B98EFF700C6F676 /* FFArticle_extension.swift in Sources */ = {isa = PBXBuildFile; fileRef = 184F49671B98EFF700C6F676 /* FFArticle_extension.swift */; };
		7468E65F1B95F2DE00793E37 /* AppDelegate.swift in Sources */ = {isa = PBXBuildFile; fileRef = 7468E65E1B95F2DE00793E37 /* AppDelegate.swift */; };
		7468E6671B95F2DE00793E37 /* Main.storyboard in Resources */ = {isa = PBXBuildFile; fileRef = 7468E6651B95F2DE00793E37 /* Main.storyboard */; };
		7468E6691B95F2DE00793E37 /* Images.xcassets in Resources */ = {isa = PBXBuildFile; fileRef = 7468E6681B95F2DE00793E37 /* Images.xcassets */; };
		7468E66C1B95F2DE00793E37 /* LaunchScreen.xib in Resources */ = {isa = PBXBuildFile; fileRef = 7468E66A1B95F2DE00793E37 /* LaunchScreen.xib */; };
		7468E6781B95F2DE00793E37 /* FigFeedTests.swift in Sources */ = {isa = PBXBuildFile; fileRef = 7468E6771B95F2DE00793E37 /* FigFeedTests.swift */; };
		7468E6891B95F53100793E37 /* FFListVC.swift in Sources */ = {isa = PBXBuildFile; fileRef = 7468E6871B95F53100793E37 /* FFListVC.swift */; };
		7468E68B1B95F64A00793E37 /* FFArticleVC.swift in Sources */ = {isa = PBXBuildFile; fileRef = 7468E68A1B95F64A00793E37 /* FFArticleVC.swift */; };
/* End PBXBuildFile section */

/* Begin PBXContainerItemProxy section */
		7468E6721B95F2DE00793E37 /* PBXContainerItemProxy */ = {
			isa = PBXContainerItemProxy;
			containerPortal = 7468E6511B95F2DE00793E37 /* Project object */;
			proxyType = 1;
			remoteGlobalIDString = 7468E6581B95F2DE00793E37;
			remoteInfo = FigFeed;
		};
/* End PBXContainerItemProxy section */

/* Begin PBXFileReference section */
		184F49571B965A8A00C6F676 /* FFRequestManager.swift */ = {isa = PBXFileReference; fileEncoding = 4; lastKnownFileType = sourcecode.swift; path = FFRequestManager.swift; sourceTree = "<group>"; };
		184F495B1B979E9400C6F676 /* FigFeed.xcdatamodel */ = {isa = PBXFileReference; lastKnownFileType = wrapper.xcdatamodel; path = FigFeed.xcdatamodel; sourceTree = "<group>"; };
		184F495D1B979EAD00C6F676 /* FFArticle.swift */ = {isa = PBXFileReference; fileEncoding = 4; lastKnownFileType = sourcecode.swift; path = FFArticle.swift; sourceTree = "<group>"; };
		184F49611B98E10300C6F676 /* FFArticleCell.swift */ = {isa = PBXFileReference; fileEncoding = 4; lastKnownFileType = sourcecode.swift; path = FFArticleCell.swift; sourceTree = "<group>"; };
		184F49631B98E4C300C6F676 /* FFHtmlGenerator.swift */ = {isa = PBXFileReference; fileEncoding = 4; lastKnownFileType = sourcecode.swift; path = FFHtmlGenerator.swift; sourceTree = "<group>"; };
		184F49671B98EFF700C6F676 /* FFArticle_extension.swift */ = {isa = PBXFileReference; fileEncoding = 4; lastKnownFileType = sourcecode.swift; path = FFArticle_extension.swift; sourceTree = "<group>"; };
		7468E6591B95F2DE00793E37 /* FigFeed.app */ = {isa = PBXFileReference; explicitFileType = wrapper.application; includeInIndex = 0; path = FigFeed.app; sourceTree = BUILT_PRODUCTS_DIR; };
		7468E65D1B95F2DE00793E37 /* Info.plist */ = {isa = PBXFileReference; lastKnownFileType = text.plist.xml; path = Info.plist; sourceTree = "<group>"; };
		7468E65E1B95F2DE00793E37 /* AppDelegate.swift */ = {isa = PBXFileReference; lastKnownFileType = sourcecode.swift; path = AppDelegate.swift; sourceTree = "<group>"; };
		7468E6661B95F2DE00793E37 /* Base */ = {isa = PBXFileReference; lastKnownFileType = file.storyboard; name = Base; path = Base.lproj/Main.storyboard; sourceTree = "<group>"; };
		7468E6681B95F2DE00793E37 /* Images.xcassets */ = {isa = PBXFileReference; lastKnownFileType = folder.assetcatalog; path = Images.xcassets; sourceTree = "<group>"; };
		7468E66B1B95F2DE00793E37 /* Base */ = {isa = PBXFileReference; lastKnownFileType = file.xib; name = Base; path = Base.lproj/LaunchScreen.xib; sourceTree = "<group>"; };
		7468E6711B95F2DE00793E37 /* FigFeedTests.xctest */ = {isa = PBXFileReference; explicitFileType = wrapper.cfbundle; includeInIndex = 0; path = FigFeedTests.xctest; sourceTree = BUILT_PRODUCTS_DIR; };
		7468E6761B95F2DE00793E37 /* Info.plist */ = {isa = PBXFileReference; lastKnownFileType = text.plist.xml; path = Info.plist; sourceTree = "<group>"; };
		7468E6771B95F2DE00793E37 /* FigFeedTests.swift */ = {isa = PBXFileReference; lastKnownFileType = sourcecode.swift; path = FigFeedTests.swift; sourceTree = "<group>"; };
		7468E6871B95F53100793E37 /* FFListVC.swift */ = {isa = PBXFileReference; fileEncoding = 4; lastKnownFileType = sourcecode.swift; path = FFListVC.swift; sourceTree = "<group>"; };
		7468E68A1B95F64A00793E37 /* FFArticleVC.swift */ = {isa = PBXFileReference; fileEncoding = 4; lastKnownFileType = sourcecode.swift; path = FFArticleVC.swift; sourceTree = "<group>"; };
/* End PBXFileReference section */

/* Begin PBXFrameworksBuildPhase section */
		7468E6561B95F2DE00793E37 /* Frameworks */ = {
			isa = PBXFrameworksBuildPhase;
			buildActionMask = 2147483647;
			files = (
			);
			runOnlyForDeploymentPostprocessing = 0;
		};
		7468E66E1B95F2DE00793E37 /* Frameworks */ = {
			isa = PBXFrameworksBuildPhase;
			buildActionMask = 2147483647;
			files = (
			);
			runOnlyForDeploymentPostprocessing = 0;
		};
/* End PBXFrameworksBuildPhase section */

/* Begin PBXGroup section */
		184F49541B9659C100C6F676 /* Network */ = {
			isa = PBXGroup;
			children = (
				184F49571B965A8A00C6F676 /* FFRequestManager.swift */,
			);
			path = Network;
			sourceTree = "<group>";
		};
		184F49591B979E9400C6F676 /* Model */ = {
			isa = PBXGroup;
			children = (
				184F495D1B979EAD00C6F676 /* FFArticle.swift */,
				184F495A1B979E9400C6F676 /* FigFeed.xcdatamodeld */,
				184F49671B98EFF700C6F676 /* FFArticle_extension.swift */,
			);
			path = Model;
			sourceTree = "<group>";
		};
		7468E6501B95F2DD00793E37 = {
			isa = PBXGroup;
			children = (
				7468E65B1B95F2DE00793E37 /* FigFeed */,
				7468E6741B95F2DE00793E37 /* FigFeedTests */,
				7468E65A1B95F2DE00793E37 /* Products */,
			);
			sourceTree = "<group>";
		};
		7468E65A1B95F2DE00793E37 /* Products */ = {
			isa = PBXGroup;
			children = (
				7468E6591B95F2DE00793E37 /* FigFeed.app */,
				7468E6711B95F2DE00793E37 /* FigFeedTests.xctest */,
			);
			name = Products;
			sourceTree = "<group>";
		};
		7468E65B1B95F2DE00793E37 /* FigFeed */ = {
			isa = PBXGroup;
			children = (
				184F49591B979E9400C6F676 /* Model */,
				184F49541B9659C100C6F676 /* Network */,
				7468E6851B95F53100793E37 /* ViewControllers */,
				7468E65E1B95F2DE00793E37 /* AppDelegate.swift */,
				7468E6651B95F2DE00793E37 /* Main.storyboard */,
				7468E6681B95F2DE00793E37 /* Images.xcassets */,
				7468E66A1B95F2DE00793E37 /* LaunchScreen.xib */,
				7468E65C1B95F2DE00793E37 /* Supporting Files */,
				184F49631B98E4C300C6F676 /* FFHtmlGenerator.swift */,
			);
			path = FigFeed;
			sourceTree = "<group>";
		};
		7468E65C1B95F2DE00793E37 /* Supporting Files */ = {
			isa = PBXGroup;
			children = (
				7468E65D1B95F2DE00793E37 /* Info.plist */,
			);
			name = "Supporting Files";
			sourceTree = "<group>";
		};
		7468E6741B95F2DE00793E37 /* FigFeedTests */ = {
			isa = PBXGroup;
			children = (
				7468E6771B95F2DE00793E37 /* FigFeedTests.swift */,
				7468E6751B95F2DE00793E37 /* Supporting Files */,
			);
			path = FigFeedTests;
			sourceTree = "<group>";
		};
		7468E6751B95F2DE00793E37 /* Supporting Files */ = {
			isa = PBXGroup;
			children = (
				7468E6761B95F2DE00793E37 /* Info.plist */,
			);
			name = "Supporting Files";
			sourceTree = "<group>";
		};
		7468E6851B95F53100793E37 /* ViewControllers */ = {
			isa = PBXGroup;
			children = (
				7468E6871B95F53100793E37 /* FFListVC.swift */,
				7468E68A1B95F64A00793E37 /* FFArticleVC.swift */,
				184F49611B98E10300C6F676 /* FFArticleCell.swift */,
			);
			path = ViewControllers;
			sourceTree = "<group>";
		};
/* End PBXGroup section */

/* Begin PBXNativeTarget section */
		7468E6581B95F2DE00793E37 /* FigFeed */ = {
			isa = PBXNativeTarget;
			buildConfigurationList = 7468E67B1B95F2DE00793E37 /* Build configuration list for PBXNativeTarget "FigFeed" */;
			buildPhases = (
				7468E6551B95F2DE00793E37 /* Sources */,
				7468E6561B95F2DE00793E37 /* Frameworks */,
				7468E6571B95F2DE00793E37 /* Resources */,
			);
			buildRules = (
			);
			dependencies = (
			);
			name = FigFeed;
			productName = FigFeed;
			productReference = 7468E6591B95F2DE00793E37 /* FigFeed.app */;
			productType = "com.apple.product-type.application";
		};
		7468E6701B95F2DE00793E37 /* FigFeedTests */ = {
			isa = PBXNativeTarget;
			buildConfigurationList = 7468E67E1B95F2DE00793E37 /* Build configuration list for PBXNativeTarget "FigFeedTests" */;
			buildPhases = (
				7468E66D1B95F2DE00793E37 /* Sources */,
				7468E66E1B95F2DE00793E37 /* Frameworks */,
				7468E66F1B95F2DE00793E37 /* Resources */,
			);
			buildRules = (
			);
			dependencies = (
				7468E6731B95F2DE00793E37 /* PBXTargetDependency */,
			);
			name = FigFeedTests;
			productName = FigFeedTests;
			productReference = 7468E6711B95F2DE00793E37 /* FigFeedTests.xctest */;
			productType = "com.apple.product-type.bundle.unit-test";
		};
/* End PBXNativeTarget section */

/* Begin PBXProject section */
		7468E6511B95F2DE00793E37 /* Project object */ = {
			isa = PBXProject;
			attributes = {
				LastSwiftUpdateCheck = 0700;
				LastUpgradeCheck = 0640;
				ORGANIZATIONNAME = funtek;
				TargetAttributes = {
					7468E6581B95F2DE00793E37 = {
						CreatedOnToolsVersion = 6.4;
					};
					7468E6701B95F2DE00793E37 = {
						CreatedOnToolsVersion = 6.4;
						TestTargetID = 7468E6581B95F2DE00793E37;
					};
				};
			};
			buildConfigurationList = 7468E6541B95F2DE00793E37 /* Build configuration list for PBXProject "FigFeed" */;
			compatibilityVersion = "Xcode 3.2";
			developmentRegion = English;
			hasScannedForEncodings = 0;
			knownRegions = (
				en,
				Base,
			);
			mainGroup = 7468E6501B95F2DD00793E37;
			productRefGroup = 7468E65A1B95F2DE00793E37 /* Products */;
			projectDirPath = "";
			projectRoot = "";
			targets = (
				7468E6581B95F2DE00793E37 /* FigFeed */,
				7468E6701B95F2DE00793E37 /* FigFeedTests */,
			);
		};
/* End PBXProject section */

/* Begin PBXResourcesBuildPhase section */
		7468E6571B95F2DE00793E37 /* Resources */ = {
			isa = PBXResourcesBuildPhase;
			buildActionMask = 2147483647;
			files = (
				7468E6671B95F2DE00793E37 /* Main.storyboard in Resources */,
				7468E66C1B95F2DE00793E37 /* LaunchScreen.xib in Resources */,
				7468E6691B95F2DE00793E37 /* Images.xcassets in Resources */,
			);
			runOnlyForDeploymentPostprocessing = 0;
		};
		7468E66F1B95F2DE00793E37 /* Resources */ = {
			isa = PBXResourcesBuildPhase;
			buildActionMask = 2147483647;
			files = (
			);
			runOnlyForDeploymentPostprocessing = 0;
		};
/* End PBXResourcesBuildPhase section */

/* Begin PBXSourcesBuildPhase section */
		7468E6551B95F2DE00793E37 /* Sources */ = {
			isa = PBXSourcesBuildPhase;
			buildActionMask = 2147483647;
			files = (
				184F49641B98E4C300C6F676 /* FFHtmlGenerator.swift in Sources */,
				184F49681B98EFF700C6F676 /* FFArticle_extension.swift in Sources */,
				184F49621B98E10300C6F676 /* FFArticleCell.swift in Sources */,
				184F495E1B979EAD00C6F676 /* FFArticle.swift in Sources */,
				7468E68B1B95F64A00793E37 /* FFArticleVC.swift in Sources */,
				184F495C1B979E9400C6F676 /* FigFeed.xcdatamodeld in Sources */,
				7468E6891B95F53100793E37 /* FFListVC.swift in Sources */,
				7468E65F1B95F2DE00793E37 /* AppDelegate.swift in Sources */,
				184F49581B965A8A00C6F676 /* FFRequestManager.swift in Sources */,
			);
			runOnlyForDeploymentPostprocessing = 0;
		};
		7468E66D1B95F2DE00793E37 /* Sources */ = {
			isa = PBXSourcesBuildPhase;
			buildActionMask = 2147483647;
			files = (
				7468E6781B95F2DE00793E37 /* FigFeedTests.swift in Sources */,
			);
			runOnlyForDeploymentPostprocessing = 0;
		};
/* End PBXSourcesBuildPhase section */

/* Begin PBXTargetDependency section */
		7468E6731B95F2DE00793E37 /* PBXTargetDependency */ = {
			isa = PBXTargetDependency;
			target = 7468E6581B95F2DE00793E37 /* FigFeed */;
			targetProxy = 7468E6721B95F2DE00793E37 /* PBXContainerItemProxy */;
		};
/* End PBXTargetDependency section */

/* Begin PBXVariantGroup section */
		7468E6651B95F2DE00793E37 /* Main.storyboard */ = {
			isa = PBXVariantGroup;
			children = (
				7468E6661B95F2DE00793E37 /* Base */,
			);
			name = Main.storyboard;
			sourceTree = "<group>";
		};
		7468E66A1B95F2DE00793E37 /* LaunchScreen.xib */ = {
			isa = PBXVariantGroup;
			children = (
				7468E66B1B95F2DE00793E37 /* Base */,
			);
			name = LaunchScreen.xib;
			sourceTree = "<group>";
		};
/* End PBXVariantGroup section */

/* Begin XCBuildConfiguration section */
		7468E6791B95F2DE00793E37 /* Debug */ = {
			isa = XCBuildConfiguration;
			buildSettings = {
				ALWAYS_SEARCH_USER_PATHS = NO;
				CLANG_CXX_LANGUAGE_STANDARD = "gnu++0x";
				CLANG_CXX_LIBRARY = "libc++";
				CLANG_ENABLE_MODULES = YES;
				CLANG_ENABLE_OBJC_ARC = YES;
				CLANG_WARN_BOOL_CONVERSION = YES;
				CLANG_WARN_CONSTANT_CONVERSION = YES;
				CLANG_WARN_DIRECT_OBJC_ISA_USAGE = YES_ERROR;
				CLANG_WARN_EMPTY_BODY = YES;
				CLANG_WARN_ENUM_CONVERSION = YES;
				CLANG_WARN_INT_CONVERSION = YES;
				CLANG_WARN_OBJC_ROOT_CLASS = YES_ERROR;
				CLANG_WARN_UNREACHABLE_CODE = YES;
				CLANG_WARN__DUPLICATE_METHOD_MATCH = YES;
				"CODE_SIGN_IDENTITY[sdk=iphoneos*]" = "iPhone Developer";
				COPY_PHASE_STRIP = NO;
				DEBUG_INFORMATION_FORMAT = "dwarf-with-dsym";
				ENABLE_STRICT_OBJC_MSGSEND = YES;
				GCC_C_LANGUAGE_STANDARD = gnu99;
				GCC_DYNAMIC_NO_PIC = NO;
				GCC_NO_COMMON_BLOCKS = YES;
				GCC_OPTIMIZATION_LEVEL = 0;
				GCC_PREPROCESSOR_DEFINITIONS = (
					"DEBUG=1",
					"$(inherited)",
				);
				GCC_SYMBOLS_PRIVATE_EXTERN = NO;
				GCC_WARN_64_TO_32_BIT_CONVERSION = YES;
				GCC_WARN_ABOUT_RETURN_TYPE = YES_ERROR;
				GCC_WARN_UNDECLARED_SELECTOR = YES;
				GCC_WARN_UNINITIALIZED_AUTOS = YES_AGGRESSIVE;
				GCC_WARN_UNUSED_FUNCTION = YES;
				GCC_WARN_UNUSED_VARIABLE = YES;
				IPHONEOS_DEPLOYMENT_TARGET = 8.4;
				MTL_ENABLE_DEBUG_INFO = YES;
				ONLY_ACTIVE_ARCH = YES;
				SDKROOT = iphoneos;
				SWIFT_OPTIMIZATION_LEVEL = "-Onone";
			};
			name = Debug;
		};
		7468E67A1B95F2DE00793E37 /* Release */ = {
			isa = XCBuildConfiguration;
			buildSettings = {
				ALWAYS_SEARCH_USER_PATHS = NO;
				CLANG_CXX_LANGUAGE_STANDARD = "gnu++0x";
				CLANG_CXX_LIBRARY = "libc++";
				CLANG_ENABLE_MODULES = YES;
				CLANG_ENABLE_OBJC_ARC = YES;
				CLANG_WARN_BOOL_CONVERSION = YES;
				CLANG_WARN_CONSTANT_CONVERSION = YES;
				CLANG_WARN_DIRECT_OBJC_ISA_USAGE = YES_ERROR;
				CLANG_WARN_EMPTY_BODY = YES;
				CLANG_WARN_ENUM_CONVERSION = YES;
				CLANG_WARN_INT_CONVERSION = YES;
				CLANG_WARN_OBJC_ROOT_CLASS = YES_ERROR;
				CLANG_WARN_UNREACHABLE_CODE = YES;
				CLANG_WARN__DUPLICATE_METHOD_MATCH = YES;
				"CODE_SIGN_IDENTITY[sdk=iphoneos*]" = "iPhone Developer";
				COPY_PHASE_STRIP = NO;
				DEBUG_INFORMATION_FORMAT = "dwarf-with-dsym";
				ENABLE_NS_ASSERTIONS = NO;
				ENABLE_STRICT_OBJC_MSGSEND = YES;
				GCC_C_LANGUAGE_STANDARD = gnu99;
				GCC_NO_COMMON_BLOCKS = YES;
				GCC_WARN_64_TO_32_BIT_CONVERSION = YES;
				GCC_WARN_ABOUT_RETURN_TYPE = YES_ERROR;
				GCC_WARN_UNDECLARED_SELECTOR = YES;
				GCC_WARN_UNINITIALIZED_AUTOS = YES_AGGRESSIVE;
				GCC_WARN_UNUSED_FUNCTION = YES;
				GCC_WARN_UNUSED_VARIABLE = YES;
				IPHONEOS_DEPLOYMENT_TARGET = 8.4;
				MTL_ENABLE_DEBUG_INFO = NO;
				SDKROOT = iphoneos;
				VALIDATE_PRODUCT = YES;
			};
			name = Release;
		};
		7468E67C1B95F2DE00793E37 /* Debug */ = {
			isa = XCBuildConfiguration;
			buildSettings = {
				ASSETCATALOG_COMPILER_APPICON_NAME = AppIcon;
				INFOPLIST_FILE = FigFeed/Info.plist;
				LD_RUNPATH_SEARCH_PATHS = "$(inherited) @executable_path/Frameworks";
				PRODUCT_NAME = "$(TARGET_NAME)";
			};
			name = Debug;
		};
		7468E67D1B95F2DE00793E37 /* Release */ = {
			isa = XCBuildConfiguration;
			buildSettings = {
				ASSETCATALOG_COMPILER_APPICON_NAME = AppIcon;
				INFOPLIST_FILE = FigFeed/Info.plist;
				LD_RUNPATH_SEARCH_PATHS = "$(inherited) @executable_path/Frameworks";
				PRODUCT_NAME = "$(TARGET_NAME)";
			};
			name = Release;
		};
		7468E67F1B95F2DE00793E37 /* Debug */ = {
			isa = XCBuildConfiguration;
			buildSettings = {
				BUNDLE_LOADER = "$(TEST_HOST)";
				FRAMEWORK_SEARCH_PATHS = (
					"$(SDKROOT)/Developer/Library/Frameworks",
					"$(inherited)",
				);
				GCC_PREPROCESSOR_DEFINITIONS = (
					"DEBUG=1",
					"$(inherited)",
				);
				INFOPLIST_FILE = FigFeedTests/Info.plist;
				LD_RUNPATH_SEARCH_PATHS = "$(inherited) @executable_path/Frameworks @loader_path/Frameworks";
				PRODUCT_NAME = "$(TARGET_NAME)";
				TEST_HOST = "$(BUILT_PRODUCTS_DIR)/FigFeed.app/FigFeed";
			};
			name = Debug;
		};
		7468E6801B95F2DE00793E37 /* Release */ = {
			isa = XCBuildConfiguration;
			buildSettings = {
				BUNDLE_LOADER = "$(TEST_HOST)";
				FRAMEWORK_SEARCH_PATHS = (
					"$(SDKROOT)/Developer/Library/Frameworks",
					"$(inherited)",
				);
				INFOPLIST_FILE = FigFeedTests/Info.plist;
				LD_RUNPATH_SEARCH_PATHS = "$(inherited) @executable_path/Frameworks @loader_path/Frameworks";
				PRODUCT_NAME = "$(TARGET_NAME)";
				TEST_HOST = "$(BUILT_PRODUCTS_DIR)/FigFeed.app/FigFeed";
			};
			name = Release;
		};
/* End XCBuildConfiguration section */

/* Begin XCConfigurationList section */
		7468E6541B95F2DE00793E37 /* Build configuration list for PBXProject "FigFeed" */ = {
			isa = XCConfigurationList;
			buildConfigurations = (
				7468E6791B95F2DE00793E37 /* Debug */,
				7468E67A1B95F2DE00793E37 /* Release */,
			);
			defaultConfigurationIsVisible = 0;
			defaultConfigurationName = Release;
		};
		7468E67B1B95F2DE00793E37 /* Build configuration list for PBXNativeTarget "FigFeed" */ = {
			isa = XCConfigurationList;
			buildConfigurations = (
				7468E67C1B95F2DE00793E37 /* Debug */,
				7468E67D1B95F2DE00793E37 /* Release */,
			);
			defaultConfigurationIsVisible = 0;
			defaultConfigurationName = Release;
		};
		7468E67E1B95F2DE00793E37 /* Build configuration list for PBXNativeTarget "FigFeedTests" */ = {
			isa = XCConfigurationList;
			buildConfigurations = (
				7468E67F1B95F2DE00793E37 /* Debug */,
				7468E6801B95F2DE00793E37 /* Release */,
			);
			defaultConfigurationIsVisible = 0;
			defaultConfigurationName = Release;
		};
/* End XCConfigurationList section */

/* Begin XCVersionGroup section */
		184F495A1B979E9400C6F676 /* FigFeed.xcdatamodeld */ = {
			isa = XCVersionGroup;
			children = (
				184F495B1B979E9400C6F676 /* FigFeed.xcdatamodel */,
			);
			currentVersion = 184F495B1B979E9400C6F676 /* FigFeed.xcdatamodel */;
			path = FigFeed.xcdatamodeld;
			sourceTree = "<group>";
			versionGroupType = wrapper.xcdatamodel;
		};
/* End XCVersionGroup section */
	};
	rootObject = 7468E6511B95F2DE00793E37 /* Project object */;
}
